{
  "name": "praxis-workspace",
  "lockfileVersion": 3,
  "requires": true,
  "packages": {
    "": {
      "name": "praxis-workspace",
      "workspaces": [
        "packages/contracts",
        "packages/kernel",
        "packages/cli",
        "packages/claude-plugin",
        "packages/mcp-server",
        "packages/protocol",
        "packages/ledger",
        "packages/verity-gates",
        "packages/verity-policy",
        "packages/verity-client",
        "packages/verity-replay",
        "packages/verity-qual"
      ]
    },
    "node_modules/@praxis/claude-plugin": {
      "resolved": "packages/claude-plugin",
      "link": true
    },
    "node_modules/@praxis/cli": {
      "resolved": "packages/cli",
      "link": true
    },
    "node_modules/@praxis/contracts": {
      "resolved": "packages/contracts",
      "link": true
    },
    "node_modules/@praxis/kernel": {
      "resolved": "packages/kernel",
      "link": true
    },
    "node_modules/@praxis/ledger": {
      "resolved": "packages/ledger",
      "link": true
    },
    "node_modules/@praxis/mcp-server": {
      "resolved": "packages/mcp-server",
      "link": true
    },
    "node_modules/@praxis/protocol": {
      "resolved": "packages/protocol",
      "link": true
    },
    "node_modules/@praxis/verity-client": {
      "resolved": "packages/verity-client",
      "link": true
    },
    "node_modules/@praxis/verity-gates": {
      "resolved": "packages/verity-gates",
      "link": true
    },
    "node_modules/@praxis/verity-policy": {
      "resolved": "packages/verity-policy",
      "link": true
    },
    "node_modules/@praxis/verity-qual": {
      "resolved": "packages/verity-qual",
      "link": true
    },
    "node_modules/@praxis/verity-replay": {
      "resolved": "packages/verity-replay",
      "link": true
    },
    "node_modules/@types/node": {
      "version": "22.20.1",
      "resolved": "https://registry.npmjs.org/@types/node/-/node-22.20.1.tgz",
      "integrity": "sha512-EANqOCF9QFyra+4pfxUcX9STKJpCLjMbObVzljIJomAWSnuSIEAvyzEU53GaajbXJEgdh0iEcPL+DGvpUd4k1Q==",
      "extraneous": true,
      "license": "MIT",
      "dependencies": {
        "undici-types": "~6.21.0"
      }
    },
    "node_modules/ajv": {
      "version": "8.20.0",
      "resolved": "https://registry.npmjs.org/ajv/-/ajv-8.20.0.tgz",
      "integrity": "sha512-Thbli+OlOj+iMPYFBVBfJ3OmCAnaSyNn4M1vz9T6Gka5Jt9ba/HIR56joy65tY6kx/FCF5VXNB819Y7/GUrBGA==",
      "extraneous": true,
      "license": "MIT",
      "dependencies": {
        "fast-deep-equal": "^3.1.3",
        "fast-uri": "^3.0.1",
        "json-schema-traverse": "^1.0.0",
        "require-from-string": "^2.0.2"
      },
      "funding": {
        "type": "github",
        "url": "https://github.com/sponsors/epoberezkin"
      }
    },
    "node_modules/ajv-formats": {
      "version": "3.0.1",
      "resolved": "https://registry.npmjs.org/ajv-formats/-/ajv-formats-3.0.1.tgz",
      "integrity": "sha512-8iUql50EUR+uUcdRQ3HDqa6EVyo3docL8g5WJ3FNcWmu62IbkGUue/pEyLBW8VGKKucTPgqeks4fIU1DA4yowQ==",
      "extraneous": true,
      "license": "MIT",
      "dependencies": {
        "ajv": "^8.0.0"
      },
      "peerDependencies": {
        "ajv": "^8.0.0"
      },
      "peerDependenciesMeta": {
        "ajv": {
          "optional": true
        }
      }
    },
    "node_modules/fast-deep-equal": {
      "version": "3.1.3",
      "resolved": "https://registry.npmjs.org/fast-deep-equal/-/fast-deep-equal-3.1.3.tgz",
      "integrity": "sha512-f3qQ9oQy9j2AhBe/H9VC91wLmKBCCU/gDOnKNAYG5hswO7BLKj09Hc5HYNz9cGI++xlpDCIgDaitVs03ATR84Q==",
      "extraneous": true,
      "license": "MIT"
    },
    "node_modules/fast-uri": {
      "version": "3.1.3",
      "resolved": "https://registry.npmjs.org/fast-uri/-/fast-uri-3.1.3.tgz",
      "integrity": "sha512-i70LwGWUduXqzicKXWshooq+sWL1K3WUU5rKZNG/0i3a1OSoX3HqhH5WbWwTmqWfor4urUakGPiRQcleRZTwOg==",
      "extraneous": true,
      "funding": [
        {
          "type": "github",
          "url": "https://github.com/sponsors/fastify"
        },
        {
          "type": "opencollective",
          "url": "https://opencollective.com/fastify"
        }
      ],
      "license": "BSD-3-Clause"
    },
    "node_modules/json-schema-traverse": {
      "version": "1.0.0",
      "resolved": "https://registry.npmjs.org/json-schema-traverse/-/json-schema-traverse-1.0.0.tgz",
      "integrity": "sha512-NM8/P9n3XjXhIZn1lLhkFaACTOURQXjWhV4BA/RnOv8xvgqtqpAX9IO4mRQxSx1Rlo4tqzeqb0sOlruaOy3dug==",
      "extraneous": true,
      "license": "MIT"
    },
    "node_modules/require-from-string": {
      "version": "2.0.2",
      "resolved": "https://registry.npmjs.org/require-from-string/-/require-from-string-2.0.2.tgz",
      "integrity": "sha512-Xf0nWe6RseziFMu+Ap9biiUbmplq6S9/p+7w7YXP/JBHhrUDDUhwa+vANyubuqfZWTveU//DYVGsDG7RKL/vEw==",
      "extraneous": true,
      "license": "MIT",
      "engines": {
        "node": ">=0.10.0"
      }
    },
    "node_modules/typescript": {
      "version": "5.9.3",
      "resolved": "https://registry.npmjs.org/typescript/-/typescript-5.9.3.tgz",
      "integrity": "sha512-jl1vZzPDinLr9eUt3J/t7V6FgNEw9QjvBPdysz9KfQDD41fQrC2Y4vKQdiaUpFT4bXlb1RHhLpp8wtm6M5TgSw==",
      "extraneous": true,
      "license": "Apache-2.0",
      "bin": {
        "tsc": "bin/tsc",
        "tsserver": "bin/tsserver"
      },
      "engines": {
        "node": ">=14.17"
      }
    },
    "node_modules/undici-types": {
      "version": "6.21.0",
      "resolved": "https://registry.npmjs.org/undici-types/-/undici-types-6.21.0.tgz",
      "integrity": "sha512-iwDZqg0QAGrg9Rav5H4n0M64c3mkR59cJ6wQp+7C4nI0gsmExaedaYLNO44eT4AtBBwjbTiGPMlt2Md0T9H9JQ==",
      "extraneous": true,
      "license": "MIT"
    },
    "node_modules/yaml": {
      "version": "2.9.0",
      "resolved": "https://registry.npmjs.org/yaml/-/yaml-2.9.0.tgz",
      "integrity": "sha512-2AvhNX3mb8zd6Zy7INTtSpl1F15HW6Wnqj0srWlkKLcpYl/gMIMJiyuGq2KeI2YFxUPjdlB+3Lc10seMLtL4cA==",
      "extraneous": true,
      "license": "ISC",
      "bin": {
        "yaml": "bin.mjs"
      },
      "engines": {
        "node": ">= 14.6"
      },
      "funding": {
        "url": "https://github.com/sponsors/eemeli"
      }
    },
    "packages/claude-plugin": {
      "name": "@praxis/claude-plugin",
      "version": "0.1.0",
      "dependencies": {
        "@praxis/contracts": "file:../contracts",
        "@praxis/kernel": "file:../kernel"
      },
      "devDependencies": {
        "@types/node": "^22.10.5",
        "typescript": "^5.9.2"
      },
      "engines": {
        "bun": ">=1.0.0",
        "node": ">=20.0.0"
      }
    },
    "packages/claude-plugin/node_modules/@types/node": {
      "dev": true
    },
    "packages/claude-plugin/node_modules/typescript": {
      "dev": true
    },
    "packages/cli": {
      "name": "@praxis/cli",
      "version": "0.1.0",
      "dependencies": {
        "@praxis/contracts": "file:../contracts",
        "@praxis/kernel": "file:../kernel"
      },
      "bin": {
        "praxis": "src/cli.ts"
      },
      "devDependencies": {
        "@types/node": "^22.10.5",
        "typescript": "^5.9.2"
      },
      "engines": {
        "bun": ">=1.0.0",
        "node": ">=20.0.0"
      }
    },
    "packages/cli/node_modules/@types/node": {
      "dev": true
    },
    "packages/cli/node_modules/typescript": {
      "dev": true
    },
    "packages/contracts": {
      "name": "@praxis/contracts",
      "version": "0.1.0",
      "dependencies": {
        "ajv": "^8.17.1",
        "ajv-formats": "^3.0.1",
        "yaml": "^2.7.0"
      },
      "devDependencies": {
        "@types/node": "^22.10.5",
        "typescript": "^5.9.2"
      },
      "engines": {
        "bun": ">=1.0.0",
        "node": ">=20.0.0"
      }
    },
    "packages/contracts/node_modules/@types/node": {
      "dev": true
    },
    "packages/contracts/node_modules/ajv": {},
    "packages/contracts/node_modules/ajv-formats": {},
    "packages/contracts/node_modules/typescript": {
      "dev": true
    },
    "packages/contracts/node_modules/yaml": {},
    "packages/kernel": {
      "name": "@praxis/kernel",
      "version": "0.1.0",
      "dependencies": {
        "@praxis/contracts": "file:../contracts",
        "yaml": "^2.7.0"
      },
      "devDependencies": {
        "@types/node": "^22.10.5",
        "typescript": "^5.9.2"
      },
      "engines": {
        "bun": ">=1.0.0",
        "node": ">=20.0.0"
      }
    },
    "packages/kernel/node_modules/@types/node": {
      "dev": true
    },
    "packages/kernel/node_modules/typescript": {
      "dev": true
    },
    "packages/kernel/node_modules/yaml": {},
    "packages/ledger": {
      "name": "@praxis/ledger",
      "version": "0.6.0",
      "dependencies": {
        "@praxis/protocol": "file:../protocol"
      },
      "devDependencies": {
        "@types/node": "^22.10.5",
        "typescript": "^5.9.2"
      },
      "engines": {
        "bun": ">=1.0.0",
        "node": ">=20.0.0"
      }
    },
    "packages/ledger/node_modules/@types/node": {
      "dev": true
    },
    "packages/ledger/node_modules/typescript": {
      "dev": true
    },
    "packages/mcp-server": {
      "name": "@praxis/mcp-server",
      "version": "0.1.0",
      "dependencies": {
        "@praxis/contracts": "file:../contracts",
        "@praxis/kernel": "file:../kernel"
      },
      "devDependencies": {
        "@types/node": "^22.10.5",
        "typescript": "^5.9.2"
      },
      "engines": {
        "bun": ">=1.0.0",
        "node": ">=20.0.0"
      }
    },
    "packages/mcp-server/node_modules/@types/node": {
      "dev": true
    },
    "packages/mcp-server/node_modules/typescript": {
      "dev": true
    },
    "packages/protocol": {
      "name": "@praxis/protocol",
      "version": "0.6.0",
      "dependencies": {
        "ajv": "^8.17.1",
        "ajv-formats": "^3.0.1",
        "yaml": "^2.7.0"
      },
      "devDependencies": {
        "@types/node": "^22.10.5",
        "typescript": "^5.9.2"
      },
      "engines": {
        "bun": ">=1.0.0",
        "node": ">=20.0.0"
      }
    },
    "packages/protocol/node_modules/@types/node": {
      "dev": true
    },
    "packages/protocol/node_modules/ajv": {},
    "packages/protocol/node_modules/ajv-formats": {},
    "packages/protocol/node_modules/typescript": {
      "dev": true
    },
    "packages/protocol/node_modules/yaml": {},
    "packages/verity-client": {
      "name": "@praxis/verity-client",
      "version": "0.6.0",
      "devDependencies": {
        "@types/node": "^22.10.5",
        "typescript": "^5.9.2"
      }
    },
    "packages/verity-client/node_modules/@types/node": {
      "dev": true
    },
    "packages/verity-client/node_modules/typescript": {
      "dev": true
    },
    "packages/verity-gates": {
      "name": "@praxis/verity-gates",
      "version": "0.6.0",
      "devDependencies": {
        "@types/node": "^22.10.5",
        "typescript": "^5.9.2"
      }
    },
    "packages/verity-gates/node_modules/@types/node": {
      "dev": true
    },
    "packages/verity-gates/node_modules/typescript": {
      "dev": true
    },
    "packages/verity-policy": {
      "name": "@praxis/verity-policy",
      "version": "0.6.0",
      "devDependencies": {
        "@types/node": "^22.10.5",
        "typescript": "^5.9.2"
      }
    },
    "packages/verity-policy/node_modules/@types/node": {
      "dev": true
    },
    "packages/verity-policy/node_modules/typescript": {
      "dev": true
    },
    "packages/verity-qual": {
      "name": "@praxis/verity-qual",
      "version": "0.6.0",
      "devDependencies": {
        "@types/node": "^22.10.5",
        "typescript": "^5.9.2"
      }
    },
    "packages/verity-qual/node_modules/@types/node": {
      "dev": true
    },
    "packages/verity-qual/node_modules/typescript": {
      "dev": true
    },
    "packages/verity-replay": {
      "name": "@praxis/verity-replay",
      "version": "0.6.0",
      "devDependencies": {
        "@types/node": "^22.10.5",
        "typescript": "^5.9.2"
      }
    },
    "packages/verity-replay/node_modules/@types/node": {
      "dev": true
    },
    "packages/verity-replay/node_modules/typescript": {
      "dev": true
    }
  }
}
